
Microsoft Visual Studio Solution File, Format Version 12.00
# Visual Studio Version 17
VisualStudioVersion = 17.5.33414.496
MinimumVisualStudioVersion = 10.0.40219.1
Project("{FAE04EC0-301F-11D3-BF4B-00C04F79EFBC}") = "WPFDemo", "WPFDemo\WPFDemo.csproj", "{91635CCA-C9FC-48DC-AB2D-283B2BB7472F}"
EndProject
Global
	GlobalSection(SolutionConfigurationPlatforms) = preSolution
		Debug|Any CPU = Debug|Any CPU
		Release|Any CPU = Release|Any CPU
	EndGlobalSection
	GlobalSection(ProjectConfigurationPlatforms) = postSolution
		{91635CCA-C9FC-48DC-AB2D-283B2BB7472F}.Debug|Any CPU.ActiveCfg = Debug|Any CPU
		{91635CCA-C9FC-48DC-AB2D-283B2BB7472F}.Debug|Any CPU.Build.0 = Debug|Any CPU
		{91635CCA-C9FC-48DC-AB2D-283B2BB7472F}.Release|Any CPU.ActiveCfg = Release|Any CPU
		{91635CCA-C9FC-48DC-AB2D-283B2BB7472F}.Release|Any CPU.Build.0 = Release|Any CPU
	EndGlobalSection
	GlobalSection(SolutionProperties) = preSolution
		HideSolutionNode = FALSE
	EndGlobalSection
	GlobalSection(ExtensibilityGlobals) = postSolution
		SolutionGuid = {E31C86C6-0594-4B7B-8BEB-8540E3C2D0DA}
	EndGlobalSection
EndGlobal
